// !$*UTF8*$!
{
	archiveVersion = 1;
	classes = {
	};
	objectVersion = 50;
	objects = {

/* Begin PBXBuildFile section */
		BDEB3CD020C26433001A496B /* AppDelegate.swift in Sources */ = {isa = PBXBuildFile; fileRef = BDEB3CCF20C26433001A496B /* AppDelegate.swift */; };
		BDEB3CD220C26433001A496B /* ViewController.swift in Sources */ = {isa = PBXBuildFile; fileRef = BDEB3CD120C26433001A496B /* ViewController.swift */; };
		BDEB3CD520C26433001A496B /* Main.storyboard in Resources */ = {isa = PBXBuildFile; fileRef = BDEB3CD320C26433001A496B /* Main.storyboard */; };
		BDEB3CD720C26434001A496B /* Assets.xcassets in Resources */ = {isa = PBXBuildFile; fileRef = BDEB3CD620C26434001A496B /* Assets.xcassets */; };
		BDEB3CE220C26435001A496B /* HowToBuildTableViewCellsCorrectlyTests.swift in Sources */ = {isa = PBXBuildFile; fileRef = BDEB3CE120C26435001A496B /* HowToBuildTableViewCellsCorrectlyTests.swift */; };
		BDEB3CED20C26435001A496B /* HowToBuildTableViewCellsCorrectlyUITests.swift in Sources */ = {isa = PBXBuildFile; fileRef = BDEB3CEC20C26435001A496B /* HowToBuildTableViewCellsCorrectlyUITests.swift */; };
		BDEB3CFB20C26445001A496B /* CustomCell.swift in Sources */ = {isa = PBXBuildFile; fileRef = BDEB3CFA20C26445001A496B /* CustomCell.swift */; };
		BDEB3CFD20C266E7001A496B /* CustomCellDataSource.swift in Sources */ = {isa = PBXBuildFile; fileRef = BDEB3CFC20C266E7001A496B /* CustomCellDataSource.swift */; };
		BDEB3CFF20C26D6D001A496B /* NetworkCoordinator.swift in Sources */ = {isa = PBXBuildFile; fileRef = BDEB3CFE20C26D6D001A496B /* NetworkCoordinator.swift */; };
		BDEB3D0120C270E2001A496B /* CustomCell.xib in Resources */ = {isa = PBXBuildFile; fileRef = BDEB3D0020C270E2001A496B /* CustomCell.xib */; };
/* End PBXBuildFile section */

/* Begin PBXContainerItemProxy section */
		BDEB3CDE20C26435001A496B /* PBXContainerItemProxy */ = {
			isa = PBXContainerItemProxy;
			containerPortal = BDEB3CC420C26433001A496B /* Project object */;
			proxyType = 1;
			remoteGlobalIDString = BDEB3CCB20C26433001A496B;
			remoteInfo = HowToBuildTableViewCellsCorrectly;
		};
		BDEB3CE920C26435001A496B /* PBXContainerItemProxy */ = {
			isa = PBXContainerItemProxy;
			containerPortal = BDEB3CC420C26433001A496B /* Project object */;
			proxyType = 1;
			remoteGlobalIDString = BDEB3CCB20C26433001A496B;
			remoteInfo = HowToBuildTableViewCellsCorrectly;
		};
/* End PBXContainerItemProxy section */

/* Begin PBXFileReference section */
		BDEB3CCC20C26433001A496B /* HowToBuildTableViewCellsCorrectly.app */ = {isa = PBXFileReference; explicitFileType = wrapper.application; includeInIndex = 0; path = HowToBuildTableViewCellsCorrectly.app; sourceTree = BUILT_PRODUCTS_DIR; };
		BDEB3CCF20C26433001A496B /* AppDelegate.swift */ = {isa = PBXFileReference; lastKnownFileType = sourcecode.swift; path = AppDelegate.swift; sourceTree = "<group>"; };
		BDEB3CD120C26433001A496B /* ViewController.swift */ = {isa = PBXFileReference; lastKnownFileType = sourcecode.swift; path = ViewController.swift; sourceTree = "<group>"; };
		BDEB3CD420C26433001A496B /* Base */ = {isa = PBXFileReference; lastKnownFileType = file.storyboard; name = Base; path = Base.lproj/Main.storyboard; sourceTree = "<group>"; };
		BDEB3CD620C26434001A496B /* Assets.xcassets */ = {isa = PBXFileReference; lastKnownFileType = folder.assetcatalog; path = Assets.xcassets; sourceTree = "<group>"; };
		BDEB3CD820C26434001A496B /* Info.plist */ = {isa = PBXFileReference; lastKnownFileType = text.plist.xml; path = Info.plist; sourceTree = "<group>"; };
		BDEB3CDD20C26435001A496B /* HowToBuildTableViewCellsCorrectlyTests.xctest */ = {isa = PBXFileReference; explicitFileType = wrapper.cfbundle; includeInIndex = 0; path = HowToBuildTableViewCellsCorrectlyTests.xctest; sourceTree = BUILT_PRODUCTS_DIR; };
		BDEB3CE120C26435001A496B /* HowToBuildTableViewCellsCorrectlyTests.swift */ = {isa = PBXFileReference; lastKnownFileType = sourcecode.swift; path = HowToBuildTableViewCellsCorrectlyTests.swift; sourceTree = "<group>"; };
		BDEB3CE320C26435001A496B /* Info.plist */ = {isa = PBXFileReference; lastKnownFileType = text.plist.xml; path = Info.plist; sourceTree = "<group>"; };
		BDEB3CE820C26435001A496B /* HowToBuildTableViewCellsCorrectlyUITests.xctest */ = {isa = PBXFileReference; explicitFileType = wrapper.cfbundle; includeInIndex = 0; path = HowToBuildTableViewCellsCorrectlyUITests.xctest; sourceTree = BUILT_PRODUCTS_DIR; };
		BDEB3CEC20C26435001A496B /* HowToBuildTableViewCellsCorrectlyUITests.swift */ = {isa = PBXFileReference; lastKnownFileType = sourcecode.swift; path = HowToBuildTableViewCellsCorrectlyUITests.swift; sourceTree = "<group>"; };
		BDEB3CEE20C26435001A496B /* Info.plist */ = {isa = PBXFileReference; lastKnownFileType = text.plist.xml; path = Info.plist; sourceTree = "<group>"; };
		BDEB3CFA20C26445001A496B /* CustomCell.swift */ = {isa = PBXFileReference; lastKnownFileType = sourcecode.swift; path = CustomCell.swift; sourceTree = "<group>"; };
		BDEB3CFC20C266E7001A496B /* CustomCellDataSource.swift */ = {isa = PBXFileReference; lastKnownFileType = sourcecode.swift; path = CustomCellDataSource.swift; sourceTree = "<group>"; };
		BDEB3CFE20C26D6D001A496B /* NetworkCoordinator.swift */ = {isa = PBXFileReference; lastKnownFileType = sourcecode.swift; path = NetworkCoordinator.swift; sourceTree = "<group>"; };
		BDEB3D0020C270E2001A496B /* CustomCell.xib */ = {isa = PBXFileReference; lastKnownFileType = file.xib; path = CustomCell.xib; sourceTree = "<group>"; };
/* End PBXFileReference section */

/* Begin PBXFrameworksBuildPhase section */
		BDEB3CC920C26433001A496B /* Frameworks */ = {
			isa = PBXFrameworksBuildPhase;
			buildActionMask = 2147483647;
			files = (
			);
			runOnlyForDeploymentPostprocessing = 0;
		};
		BDEB3CDA20C26435001A496B /* Frameworks */ = {
			isa = PBXFrameworksBuildPhase;
			buildActionMask = 2147483647;
			files = (
			);
			runOnlyForDeploymentPostprocessing = 0;
		};
		BDEB3CE520C26435001A496B /* Frameworks */ = {
			isa = PBXFrameworksBuildPhase;
			buildActionMask = 2147483647;
			files = (
			);
			runOnlyForDeploymentPostprocessing = 0;
		};
/* End PBXFrameworksBuildPhase section */

/* Begin PBXGroup section */
		BDEB3CC320C26433001A496B = {
			isa = PBXGroup;
			children = (
				BDEB3CCE20C26433001A496B /* HowToBuildTableViewCellsCorrectly */,
				BDEB3CE020C26435001A496B /* HowToBuildTableViewCellsCorrectlyTests */,
				BDEB3CEB20C26435001A496B /* HowToBuildTableViewCellsCorrectlyUITests */,
				BDEB3CCD20C26433001A496B /* Products */,
			);
			sourceTree = "<group>";
		};
		BDEB3CCD20C26433001A496B /* Products */ = {
			isa = PBXGroup;
			children = (
				BDEB3CCC20C26433001A496B /* HowToBuildTableViewCellsCorrectly.app */,
				BDEB3CDD20C26435001A496B /* HowToBuildTableViewCellsCorrectlyTests.xctest */,
				BDEB3CE820C26435001A496B /* HowToBuildTableViewCellsCorrectlyUITests.xctest */,
			);
			name = Products;
			sourceTree = "<group>";
		};
		BDEB3CCE20C26433001A496B /* HowToBuildTableViewCellsCorrectly */ = {
			isa = PBXGroup;
			children = (
				BDEB3CCF20C26433001A496B /* AppDelegate.swift */,
				BDEB3CD120C26433001A496B /* ViewController.swift */,
				BDEB3CFA20C26445001A496B /* CustomCell.swift */,
				BDEB3CFC20C266E7001A496B /* CustomCellDataSource.swift */,
				BDEB3CFE20C26D6D001A496B /* NetworkCoordinator.swift */,
				BDEB3CD320C26433001A496B /* Main.storyboard */,
				BDEB3D0020C270E2001A496B /* CustomCell.xib */,
				BDEB3CD620C26434001A496B /* Assets.xcassets */,
				BDEB3CD820C26434001A496B /* Info.plist */,
			);
			path = HowToBuildTableViewCellsCorrectly;
			sourceTree = "<group>";
		};
		BDEB3CE020C26435001A496B /* HowToBuildTableViewCellsCorrectlyTests */ = {
			isa = PBXGroup;
			children = (
				BDEB3CE120C26435001A496B /* HowToBuildTableViewCellsCorrectlyTests.swift */,
				BDEB3CE320C26435001A496B /* Info.plist */,
			);
			path = HowToBuildTableViewCellsCorrectlyTests;
			sourceTree = "<group>";
		};
		BDEB3CEB20C26435001A496B /* HowToBuildTableViewCellsCorrectlyUITests */ = {
			isa = PBXGroup;
			children = (
				BDEB3CEC20C26435001A496B /* HowToBuildTableViewCellsCorrectlyUITests.swift */,
				BDEB3CEE20C26435001A496B /* Info.plist */,
			);
			path = HowToBuildTableViewCellsCorrectlyUITests;
			sourceTree = "<group>";
		};
/* End PBXGroup section */

/* Begin PBXNativeTarget section */
		BDEB3CCB20C26433001A496B /* HowToBuildTableViewCellsCorrectly */ = {
			isa = PBXNativeTarget;
			buildConfigurationList = BDEB3CF120C26435001A496B /* Build configuration list for PBXNativeTarget "HowToBuildTableViewCellsCorrectly" */;
			buildPhases = (
				BDEB3CC820C26433001A496B /* Sources */,
				BDEB3CC920C26433001A496B /* Frameworks */,
				BDEB3CCA20C26433001A496B /* Resources */,
			);
			buildRules = (
			);
			dependencies = (
			);
			name = HowToBuildTableViewCellsCorrectly;
			productName = HowToBuildTableViewCellsCorrectly;
			productReference = BDEB3CCC20C26433001A496B /* HowToBuildTableViewCellsCorrectly.app */;
			productType = "com.apple.product-type.application";
		};
		BDEB3CDC20C26435001A496B /* HowToBuildTableViewCellsCorrectlyTests */ = {
			isa = PBXNativeTarget;
			buildConfigurationList = BDEB3CF420C26435001A496B /* Build configuration list for PBXNativeTarget "HowToBuildTableViewCellsCorrectlyTests" */;
			buildPhases = (
				BDEB3CD920C26435001A496B /* Sources */,
				BDEB3CDA20C26435001A496B /* Frameworks */,
				BDEB3CDB20C26435001A496B /* Resources */,
			);
			buildRules = (
			);
			dependencies = (
				BDEB3CDF20C26435001A496B /* PBXTargetDependency */,
			);
			name = HowToBuildTableViewCellsCorrectlyTests;
			productName = HowToBuildTableViewCellsCorrectlyTests;
			productReference = BDEB3CDD20C26435001A496B /* HowToBuildTableViewCellsCorrectlyTests.xctest */;
			productType = "com.apple.product-type.bundle.unit-test";
		};
		BDEB3CE720C26435001A496B /* HowToBuildTableViewCellsCorrectlyUITests */ = {
			isa = PBXNativeTarget;
			buildConfigurationList = BDEB3CF720C26435001A496B /* Build configuration list for PBXNativeTarget "HowToBuildTableViewCellsCorrectlyUITests" */;
			buildPhases = (
				BDEB3CE420C26435001A496B /* Sources */,
				BDEB3CE520C26435001A496B /* Frameworks */,
				BDEB3CE620C26435001A496B /* Resources */,
			);
			buildRules = (
			);
			dependencies = (
				BDEB3CEA20C26435001A496B /* PBXTargetDependency */,
			);
			name = HowToBuildTableViewCellsCorrectlyUITests;
			productName = HowToBuildTableViewCellsCorrectlyUITests;
			productReference = BDEB3CE820C26435001A496B /* HowToBuildTableViewCellsCorrectlyUITests.xctest */;
			productType = "com.apple.product-type.bundle.ui-testing";
		};
/* End PBXNativeTarget section */

/* Begin PBXProject section */
		BDEB3CC420C26433001A496B /* Project object */ = {
			isa = PBXProject;
			attributes = {
				LastSwiftUpdateCheck = 0930;
				LastUpgradeCheck = 0930;
				ORGANIZATIONNAME = "Eric Dockery";
				TargetAttributes = {
					BDEB3CCB20C26433001A496B = {
						CreatedOnToolsVersion = 9.3;
					};
					BDEB3CDC20C26435001A496B = {
						CreatedOnToolsVersion = 9.3;
						TestTargetID = BDEB3CCB20C26433001A496B;
					};
					BDEB3CE720C26435001A496B = {
						CreatedOnToolsVersion = 9.3;
						TestTargetID = BDEB3CCB20C26433001A496B;
					};
				};
			};
			buildConfigurationList = BDEB3CC720C26433001A496B /* Build configuration list for PBXProject "HowToBuildTableViewCellsCorrectly" */;
			compatibilityVersion = "Xcode 9.3";
			developmentRegion = en;
			hasScannedForEncodings = 0;
			knownRegions = (
				en,
				Base,
			);
			mainGroup = BDEB3CC320C26433001A496B;
			productRefGroup = BDEB3CCD20C26433001A496B /* Products */;
			projectDirPath = "";
			projectRoot = "";
			targets = (
				BDEB3CCB20C26433001A496B /* HowToBuildTableViewCellsCorrectly */,
				BDEB3CDC20C26435001A496B /* HowToBuildTableViewCellsCorrectlyTests */,
				BDEB3CE720C26435001A496B /* HowToBuildTableViewCellsCorrectlyUITests */,
			);
		};
/* End PBXProject section */

/* Begin PBXResourcesBuildPhase section */
		BDEB3CCA20C26433001A496B /* Resources */ = {
			isa = PBXResourcesBuildPhase;
			buildActionMask = 2147483647;
			files = (
				BDEB3D0120C270E2001A496B /* CustomCell.xib in Resources */,
				BDEB3CD720C26434001A496B /* Assets.xcassets in Resources */,
				BDEB3CD520C26433001A496B /* Main.storyboard in Resources */,
			);
			runOnlyForDeploymentPostprocessing = 0;
		};
		BDEB3CDB20C26435001A496B /* Resources */ = {
			isa = PBXResourcesBuildPhase;
			buildActionMask = 2147483647;
			files = (
			);
			runOnlyForDeploymentPostprocessing = 0;
		};
		BDEB3CE620C26435001A496B /* Resources */ = {
			isa = PBXResourcesBuildPhase;
			buildActionMask = 2147483647;
			files = (
			);
			runOnlyForDeploymentPostprocessing = 0;
		};
/* End PBXResourcesBuildPhase section */

/* Begin PBXSourcesBuildPhase section */
		BDEB3CC820C26433001A496B /* Sources */ = {
			isa = PBXSourcesBuildPhase;
			buildActionMask = 2147483647;
			files = (
				BDEB3CD220C26433001A496B /* ViewController.swift in Sources */,
				BDEB3CFF20C26D6D001A496B /* NetworkCoordinator.swift in Sources */,
				BDEB3CFB20C26445001A496B /* CustomCell.swift in Sources */,
				BDEB3CD020C26433001A496B /* AppDelegate.swift in Sources */,
				BDEB3CFD20C266E7001A496B /* CustomCellDataSource.swift in Sources */,
			);
			runOnlyForDeploymentPostprocessing = 0;
		};
		BDEB3CD920C26435001A496B /* Sources */ = {
			isa = PBXSourcesBuildPhase;
			buildActionMask = 2147483647;
			files = (
				BDEB3CE220C26435001A496B /* HowToBuildTableViewCellsCorrectlyTests.swift in Sources */,
			);
			runOnlyForDeploymentPostprocessing = 0;
		};
		BDEB3CE420C26435001A496B /* Sources */ = {
			isa = PBXSourcesBuildPhase;
			buildActionMask = 2147483647;
			files = (
				BDEB3CED20C26435001A496B /* HowToBuildTableViewCellsCorrectlyUITests.swift in Sources */,
			);
			runOnlyForDeploymentPostprocessing = 0;
		};
/* End PBXSourcesBuildPhase section */

/* Begin PBXTargetDependency section */
		BDEB3CDF20C26435001A496B /* PBXTargetDependency */ = {
			isa = PBXTargetDependency;
			target = BDEB3CCB20C26433001A496B /* HowToBuildTableViewCellsCorrectly */;
			targetProxy = BDEB3CDE20C26435001A496B /* PBXContainerItemProxy */;
		};
		BDEB3CEA20C26435001A496B /* PBXTargetDependency */ = {
			isa = PBXTargetDependency;
			target = BDEB3CCB20C26433001A496B /* HowToBuildTableViewCellsCorrectly */;
			targetProxy = BDEB3CE920C26435001A496B /* PBXContainerItemProxy */;
		};
/* End PBXTargetDependency section */

/* Begin PBXVariantGroup section */
		BDEB3CD320C26433001A496B /* Main.storyboard */ = {
			isa = PBXVariantGroup;
			children = (
				BDEB3CD420C26433001A496B /* Base */,
			);
			name = Main.storyboard;
			sourceTree = "<group>";
		};
/* End PBXVariantGroup section */

/* Begin XCBuildConfiguration section */
		BDEB3CEF20C26435001A496B /* Debug */ = {
			isa = XCBuildConfiguration;
			buildSettings = {
				ALWAYS_SEARCH_USER_PATHS = NO;
				CLANG_ANALYZER_NONNULL = YES;
				CLANG_ANALYZER_NUMBER_OBJECT_CONVERSION = YES_AGGRESSIVE;
				CLANG_CXX_LANGUAGE_STANDARD = "gnu++14";
				CLANG_CXX_LIBRARY = "libc++";
				CLANG_ENABLE_MODULES = YES;
				CLANG_ENABLE_OBJC_ARC = YES;
				CLANG_ENABLE_OBJC_WEAK = YES;
				CLANG_WARN_BLOCK_CAPTURE_AUTORELEASING = YES;
				CLANG_WARN_BOOL_CONVERSION = YES;
				CLANG_WARN_COMMA = YES;
				CLANG_WARN_CONSTANT_CONVERSION = YES;
				CLANG_WARN_DEPRECATED_OBJC_IMPLEMENTATIONS = YES;
				CLANG_WARN_DIRECT_OBJC_ISA_USAGE = YES_ERROR;
				CLANG_WARN_DOCUMENTATION_COMMENTS = YES;
				CLANG_WARN_EMPTY_BODY = YES;
				CLANG_WARN_ENUM_CONVERSION = YES;
				CLANG_WARN_INFINITE_RECURSION = YES;
				CLANG_WARN_INT_CONVERSION = YES;
				CLANG_WARN_NON_LITERAL_NULL_CONVERSION = YES;
				CLANG_WARN_OBJC_IMPLICIT_RETAIN_SELF = YES;
				CLANG_WARN_OBJC_LITERAL_CONVERSION = YES;
				CLANG_WARN_OBJC_ROOT_CLASS = YES_ERROR;
				CLANG_WARN_RANGE_LOOP_ANALYSIS = YES;
				CLANG_WARN_STRICT_PROTOTYPES = YES;
				CLANG_WARN_SUSPICIOUS_MOVE = YES;
				CLANG_WARN_UNGUARDED_AVAILABILITY = YES_AGGRESSIVE;
				CLANG_WARN_UNREACHABLE_CODE = YES;
				CLANG_WARN__DUPLICATE_METHOD_MATCH = YES;
				COPY_PHASE_STRIP = NO;
				DEBUG_INFORMATION_FORMAT = dwarf;
				ENABLE_STRICT_OBJC_MSGSEND = YES;
				ENABLE_TESTABILITY = YES;
				GCC_C_LANGUAGE_STANDARD = gnu11;
				GCC_DYNAMIC_NO_PIC = NO;
				GCC_NO_COMMON_BLOCKS = YES;
				GCC_OPTIMIZATION_LEVEL = 0;
				GCC_PREPROCESSOR_DEFINITIONS = (
					"DEBUG=1",
					"$(inherited)",
				);
				GCC_WARN_64_TO_32_BIT_CONVERSION = YES;
				GCC_WARN_ABOUT_RETURN_TYPE = YES_ERROR;
				GCC_WARN_UNDECLARED_SELECTOR = YES;
				GCC_WARN_UNINITIALIZED_AUTOS = YES_AGGRESSIVE;
				GCC_WARN_UNUSED_FUNCTION = YES;
				GCC_WARN_UNUSED_VARIABLE = YES;
				MTL_ENABLE_DEBUG_INFO = YES;
				ONLY_ACTIVE_ARCH = YES;
				SDKROOT = appletvos;
				SWIFT_ACTIVE_COMPILATION_CONDITIONS = DEBUG;
				SWIFT_OPTIMIZATION_LEVEL = "-Onone";
				TVOS_DEPLOYMENT_TARGET = 11.3;
			};
			name = Debug;
		};
		BDEB3CF020C26435001A496B /* Release */ = {
			isa = XCBuildConfiguration;
			buildSettings = {
				ALWAYS_SEARCH_USER_PATHS = NO;
				CLANG_ANALYZER_NONNULL = YES;
				CLANG_ANALYZER_NUMBER_OBJECT_CONVERSION = YES_AGGRESSIVE;
				CLANG_CXX_LANGUAGE_STANDARD = "gnu++14";
				CLANG_CXX_LIBRARY = "libc++";
				CLANG_ENABLE_MODULES = YES;
				CLANG_ENABLE_OBJC_ARC = YES;
				CLANG_ENABLE_OBJC_WEAK = YES;
				CLANG_WARN_BLOCK_CAPTURE_AUTORELEASING = YES;
				CLANG_WARN_BOOL_CONVERSION = YES;
				CLANG_WARN_COMMA = YES;
				CLANG_WARN_CONSTANT_CONVERSION = YES;
				CLANG_WARN_DEPRECATED_OBJC_IMPLEMENTATIONS = YES;
				CLANG_WARN_DIRECT_OBJC_ISA_USAGE = YES_ERROR;
				CLANG_WARN_DOCUMENTATION_COMMENTS = YES;
				CLANG_WARN_EMPTY_BODY = YES;
				CLANG_WARN_ENUM_CONVERSION = YES;
				CLANG_WARN_INFINITE_RECURSION = YES;
				CLANG_WARN_INT_CONVERSION = YES;
				CLANG_WARN_NON_LITERAL_NULL_CONVERSION = YES;
				CLANG_WARN_OBJC_IMPLICIT_RETAIN_SELF = YES;
				CLANG_WARN_OBJC_LITERAL_CONVERSION = YES;
				CLANG_WARN_OBJC_ROOT_CLASS = YES_ERROR;
				CLANG_WARN_RANGE_LOOP_ANALYSIS = YES;
				CLANG_WARN_STRICT_PROTOTYPES = YES;
				CLANG_WARN_SUSPICIOUS_MOVE = YES;
				CLANG_WARN_UNGUARDED_AVAILABILITY = YES_AGGRESSIVE;
				CLANG_WARN_UNREACHABLE_CODE = YES;
				CLANG_WARN__DUPLICATE_METHOD_MATCH = YES;
				COPY_PHASE_STRIP = NO;
				DEBUG_INFORMATION_FORMAT = "dwarf-with-dsym";
				ENABLE_NS_ASSERTIONS = NO;
				ENABLE_STRICT_OBJC_MSGSEND = YES;
				GCC_C_LANGUAGE_STANDARD = gnu11;
				GCC_NO_COMMON_BLOCKS = YES;
				GCC_WARN_64_TO_32_BIT_CONVERSION = YES;
				GCC_WARN_ABOUT_RETURN_TYPE = YES_ERROR;
				GCC_WARN_UNDECLARED_SELECTOR = YES;
				GCC_WARN_UNINITIALIZED_AUTOS = YES_AGGRESSIVE;
				GCC_WARN_UNUSED_FUNCTION = YES;
				GCC_WARN_UNUSED_VARIABLE = YES;
				MTL_ENABLE_DEBUG_INFO = NO;
				SDKROOT = appletvos;
				SWIFT_COMPILATION_MODE = wholemodule;
				SWIFT_OPTIMIZATION_LEVEL = "-O";
				TVOS_DEPLOYMENT_TARGET = 11.3;
				VALIDATE_PRODUCT = YES;
			};
			name = Release;
		};
		BDEB3CF220C26435001A496B /* Debug */ = {
			isa = XCBuildConfiguration;
			buildSettings = {
				ASSETCATALOG_COMPILER_APPICON_NAME = "App Icon & Top Shelf Image";
				ASSETCATALOG_COMPILER_LAUNCHIMAGE_NAME = LaunchImage;
				CODE_SIGN_STYLE = Automatic;
				DEVELOPMENT_TEAM = JN6SRFFEJW;
				INFOPLIST_FILE = HowToBuildTableViewCellsCorrectly/Info.plist;
				LD_RUNPATH_SEARCH_PATHS = (
					"$(inherited)",
					"@executable_path/Frameworks",
				);
				PRODUCT_BUNDLE_IDENTIFIER = com.docsplayground.HowToBuildTableViewCellsCorrectly;
				PRODUCT_NAME = "$(TARGET_NAME)";
				SWIFT_VERSION = 4.0;
				TARGETED_DEVICE_FAMILY = 3;
			};
			name = Debug;
		};
		BDEB3CF320C26435001A496B /* Release */ = {
			isa = XCBuildConfiguration;
			buildSettings = {
				ASSETCATALOG_COMPILER_APPICON_NAME = "App Icon & Top Shelf Image";
				ASSETCATALOG_COMPILER_LAUNCHIMAGE_NAME = LaunchImage;
				CODE_SIGN_STYLE = Automatic;
				DEVELOPMENT_TEAM = JN6SRFFEJW;
				INFOPLIST_FILE = HowToBuildTableViewCellsCorrectly/Info.plist;
				LD_RUNPATH_SEARCH_PATHS = (
					"$(inherited)",
					"@executable_path/Frameworks",
				);
				PRODUCT_BUNDLE_IDENTIFIER = com.docsplayground.HowToBuildTableViewCellsCorrectly;
				PRODUCT_NAME = "$(TARGET_NAME)";
				SWIFT_VERSION = 4.0;
				TARGETED_DEVICE_FAMILY = 3;
			};
			name = Release;
		};
		BDEB3CF520C26435001A496B /* Debug */ = {
			isa = XCBuildConfiguration;
			buildSettings = {
				ALWAYS_EMBED_SWIFT_STANDARD_LIBRARIES = YES;
				BUNDLE_LOADER = "$(TEST_HOST)";
				CODE_SIGN_STYLE = Automatic;
				DEVELOPMENT_TEAM = JN6SRFFEJW;
				INFOPLIST_FILE = HowToBuildTableViewCellsCorrectlyTests/Info.plist;
				LD_RUNPATH_SEARCH_PATHS = (
					"$(inherited)",
					"@executable_path/Frameworks",
					"@loader_path/Frameworks",
				);
				PRODUCT_BUNDLE_IDENTIFIER = com.docsplayground.HowToBuildTableViewCellsCorrectlyTests;
				PRODUCT_NAME = "$(TARGET_NAME)";
				SWIFT_VERSION = 4.0;
				TARGETED_DEVICE_FAMILY = 3;
				TEST_HOST = "$(BUILT_PRODUCTS_DIR)/HowToBuildTableViewCellsCorrectly.app/HowToBuildTableViewCellsCorrectly";
			};
			name = Debug;
		};
		BDEB3CF620C26435001A496B /* Release */ = {
			isa = XCBuildConfiguration;
			buildSettings = {
				ALWAYS_EMBED_SWIFT_STANDARD_LIBRARIES = YES;
				BUNDLE_LOADER = "$(TEST_HOST)";
				CODE_SIGN_STYLE = Automatic;
				DEVELOPMENT_TEAM = JN6SRFFEJW;
				INFOPLIST_FILE = HowToBuildTableViewCellsCorrectlyTests/Info.plist;
				LD_RUNPATH_SEARCH_PATHS = (
					"$(inherited)",
					"@executable_path/Frameworks",
					"@loader_path/Frameworks",
				);
				PRODUCT_BUNDLE_IDENTIFIER = com.docsplayground.HowToBuildTableViewCellsCorrectlyTests;
				PRODUCT_NAME = "$(TARGET_NAME)";
				SWIFT_VERSION = 4.0;
				TARGETED_DEVICE_FAMILY = 3;
				TEST_HOST = "$(BUILT_PRODUCTS_DIR)/HowToBuildTableViewCellsCorrectly.app/HowToBuildTableViewCellsCorrectly";
			};
			name = Release;
		};
		BDEB3CF820C26435001A496B /* Debug */ = {
			isa = XCBuildConfiguration;
			buildSettings = {
				ALWAYS_EMBED_SWIFT_STANDARD_LIBRARIES = YES;
				CODE_SIGN_STYLE = Automatic;
				DEVELOPMENT_TEAM = JN6SRFFEJW;
				INFOPLIST_FILE = HowToBuildTableViewCellsCorrectlyUITests/Info.plist;
				LD_RUNPATH_SEARCH_PATHS = (
					"$(inherited)",
					"@executable_path/Frameworks",
					"@loader_path/Frameworks",
				);
				PRODUCT_BUNDLE_IDENTIFIER = com.docsplayground.HowToBuildTableViewCellsCorrectlyUITests;
				PRODUCT_NAME = "$(TARGET_NAME)";
				SWIFT_VERSION = 4.0;
				TARGETED_DEVICE_FAMILY = 3;
				TEST_TARGET_NAME = HowToBuildTableViewCellsCorrectly;
			};
			name = Debug;
		};
		BDEB3CF920C26435001A496B /* Release */ = {
			isa = XCBuildConfiguration;
			buildSettings = {
				ALWAYS_EMBED_SWIFT_STANDARD_LIBRARIES = YES;
				CODE_SIGN_STYLE = Automatic;
				DEVELOPMENT_TEAM = JN6SRFFEJW;
				INFOPLIST_FILE = HowToBuildTableViewCellsCorrectlyUITests/Info.plist;
				LD_RUNPATH_SEARCH_PATHS = (
					"$(inherited)",
					"@executable_path/Frameworks",
					"@loader_path/Frameworks",
				);
				PRODUCT_BUNDLE_IDENTIFIER = com.docsplayground.HowToBuildTableViewCellsCorrectlyUITests;
				PRODUCT_NAME = "$(TARGET_NAME)";
				SWIFT_VERSION = 4.0;
				TARGETED_DEVICE_FAMILY = 3;
				TEST_TARGET_NAME = HowToBuildTableViewCellsCorrectly;
			};
			name = Release;
		};
/* End XCBuildConfiguration section */

/* Begin XCConfigurationList section */
		BDEB3CC720C26433001A496B /* Build configuration list for PBXProject "HowToBuildTableViewCellsCorrectly" */ = {
			isa = XCConfigurationList;
			buildConfigurations = (
				BDEB3CEF20C26435001A496B /* Debug */,
				BDEB3CF020C26435001A496B /* Release */,
			);
			defaultConfigurationIsVisible = 0;
			defaultConfigurationName = Release;
		};
		BDEB3CF120C26435001A496B /* Build configuration list for PBXNativeTarget "HowToBuildTableViewCellsCorrectly" */ = {
			isa = XCConfigurationList;
			buildConfigurations = (
				BDEB3CF220C26435001A496B /* Debug */,
				BDEB3CF320C26435001A496B /* Release */,
			);
			defaultConfigurationIsVisible = 0;
			defaultConfigurationName = Release;
		};
		BDEB3CF420C26435001A496B /* Build configuration list for PBXNativeTarget "HowToBuildTableViewCellsCorrectlyTests" */ = {
			isa = XCConfigurationList;
			buildConfigurations = (
				BDEB3CF520C26435001A496B /* Debug */,
				BDEB3CF620C26435001A496B /* Release */,
			);
			defaultConfigurationIsVisible = 0;
			defaultConfigurationName = Release;
		};
		BDEB3CF720C26435001A496B /* Build configuration list for PBXNativeTarget "HowToBuildTableViewCellsCorrectlyUITests" */ = {
			isa = XCConfigurationList;
			buildConfigurations = (
				BDEB3CF820C26435001A496B /* Debug */,
				BDEB3CF920C26435001A496B /* Release */,
			);
			defaultConfigurationIsVisible = 0;
			defaultConfigurationName = Release;
		};
/* End XCConfigurationList section */
	};
	rootObject = BDEB3CC420C26433001A496B /* Project object */;
}
